
Microsoft Visual Studio Solution File, Format Version 12.00
# Visual Studio 14
VisualStudioVersion = 14.0.25420.1
MinimumVisualStudioVersion = 10.0.40219.1
Project("{2150E333-8FDC-42A3-9474-1A3956D46DE8}") = "Binding", "Binding", "{D06C3A7A-7D2A-4710-AB4B-1EEA88C293CB}"
EndProject
Project("{FAE04EC0-301F-11D3-BF4B-00C04F79EFBC}") = "RabbitMQ", "Binding\RabbitMQ\RabbitMQ.csproj", "{F4B205B9-ABFC-4382-BB46-4130E54ED99D}"
EndProject
Project("{FAE04EC0-301F-11D3-BF4B-00C04F79EFBC}") = "Core.API", "Core.API\Core.API.csproj", "{3B9A69DB-A6AB-49D8-828D-3274124829B0}"
EndProject
Project("{FAE04EC0-301F-11D3-BF4B-00C04F79EFBC}") = "ZeroMQ", "Binding\ZeroMQ\ZeroMQ.csproj", "{F36D80EF-232F-4D5D-8490-2A03DC7A4C2F}"
EndProject
Project("{FAE04EC0-301F-11D3-BF4B-00C04F79EFBC}") = "Core.ZeroMQ", "Core.ZeroMQ\Core.ZeroMQ.csproj", "{17967D45-C969-44A4-8C33-4588ED94F549}"
EndProject
Project("{2150E333-8FDC-42A3-9474-1A3956D46DE8}") = ".nuget", ".nuget", "{1ED1A163-2C25-4B94-9147-8E14C4972A60}"
	ProjectSection(SolutionItems) = preProject
		.nuget\NuGet.Config = .nuget\NuGet.Config
		.nuget\NuGet.exe = .nuget\NuGet.exe
		.nuget\NuGet.targets = .nuget\NuGet.targets
	EndProjectSection
EndProject
Project("{FAE04EC0-301F-11D3-BF4B-00C04F79EFBC}") = "Core.Proxy", "Core.Proxy\Core.Proxy.csproj", "{49C94D69-D65F-4A65-B529-C308470B7A5B}"
EndProject
Project("{FAE04EC0-301F-11D3-BF4B-00C04F79EFBC}") = "Core.SignalR", "Core.SignalR\Core.SignalR.csproj", "{E314AF95-5622-4138-8897-4CF80026E1AF}"
EndProject
Project("{FAE04EC0-301F-11D3-BF4B-00C04F79EFBC}") = "Core.RabbitMQ", "Core.RabbitMQ\Core.RabbitMQ.csproj", "{0B59193B-0883-4BD6-A66A-47C515EAF014}"
EndProject
Project("{2150E333-8FDC-42A3-9474-1A3956D46DE8}") = ".targets", ".targets", "{E04B27CD-E0FD-4C05-A31E-8E19B80C2E8B}"
	ProjectSection(SolutionItems) = preProject
		.targets\Core.API.nuspec = .targets\Core.API.nuspec
		.targets\Core.API.targets = .targets\Core.API.targets
	EndProjectSection
EndProject
Global
	GlobalSection(SolutionConfigurationPlatforms) = preSolution
		Debug|Any CPU = Debug|Any CPU
		Release|Any CPU = Release|Any CPU
	EndGlobalSection
	GlobalSection(ProjectConfigurationPlatforms) = postSolution
		{F4B205B9-ABFC-4382-BB46-4130E54ED99D}.Debug|Any CPU.ActiveCfg = Debug|Any CPU
		{F4B205B9-ABFC-4382-BB46-4130E54ED99D}.Debug|Any CPU.Build.0 = Debug|Any CPU
		{F4B205B9-ABFC-4382-BB46-4130E54ED99D}.Release|Any CPU.ActiveCfg = Release|Any CPU
		{F4B205B9-ABFC-4382-BB46-4130E54ED99D}.Release|Any CPU.Build.0 = Release|Any CPU
		{3B9A69DB-A6AB-49D8-828D-3274124829B0}.Debug|Any CPU.ActiveCfg = Debug|Any CPU
		{3B9A69DB-A6AB-49D8-828D-3274124829B0}.Debug|Any CPU.Build.0 = Debug|Any CPU
		{3B9A69DB-A6AB-49D8-828D-3274124829B0}.Release|Any CPU.ActiveCfg = Release|Any CPU
		{3B9A69DB-A6AB-49D8-828D-3274124829B0}.Release|Any CPU.Build.0 = Release|Any CPU
		{F36D80EF-232F-4D5D-8490-2A03DC7A4C2F}.Debug|Any CPU.ActiveCfg = Debug|Any CPU
		{F36D80EF-232F-4D5D-8490-2A03DC7A4C2F}.Debug|Any CPU.Build.0 = Debug|Any CPU
		{F36D80EF-232F-4D5D-8490-2A03DC7A4C2F}.Release|Any CPU.ActiveCfg = Release|Any CPU
		{F36D80EF-232F-4D5D-8490-2A03DC7A4C2F}.Release|Any CPU.Build.0 = Release|Any CPU
		{17967D45-C969-44A4-8C33-4588ED94F549}.Debug|Any CPU.ActiveCfg = Debug|Any CPU
		{17967D45-C969-44A4-8C33-4588ED94F549}.Release|Any CPU.ActiveCfg = Release|Any CPU
		{49C94D69-D65F-4A65-B529-C308470B7A5B}.Debug|Any CPU.ActiveCfg = Debug|Any CPU
		{49C94D69-D65F-4A65-B529-C308470B7A5B}.Debug|Any CPU.Build.0 = Debug|Any CPU
		{49C94D69-D65F-4A65-B529-C308470B7A5B}.Release|Any CPU.ActiveCfg = Release|Any CPU
		{49C94D69-D65F-4A65-B529-C308470B7A5B}.Release|Any CPU.Build.0 = Release|Any CPU
		{E314AF95-5622-4138-8897-4CF80026E1AF}.Debug|Any CPU.ActiveCfg = Debug|Any CPU
		{E314AF95-5622-4138-8897-4CF80026E1AF}.Debug|Any CPU.Build.0 = Debug|Any CPU
		{E314AF95-5622-4138-8897-4CF80026E1AF}.Release|Any CPU.ActiveCfg = Release|Any CPU
		{E314AF95-5622-4138-8897-4CF80026E1AF}.Release|Any CPU.Build.0 = Release|Any CPU
		{0B59193B-0883-4BD6-A66A-47C515EAF014}.Debug|Any CPU.ActiveCfg = Debug|Any CPU
		{0B59193B-0883-4BD6-A66A-47C515EAF014}.Debug|Any CPU.Build.0 = Debug|Any CPU
		{0B59193B-0883-4BD6-A66A-47C515EAF014}.Release|Any CPU.ActiveCfg = Release|Any CPU
		{0B59193B-0883-4BD6-A66A-47C515EAF014}.Release|Any CPU.Build.0 = Release|Any CPU
	EndGlobalSection
	GlobalSection(SolutionProperties) = preSolution
		HideSolutionNode = FALSE
	EndGlobalSection
	GlobalSection(NestedProjects) = preSolution
		{F4B205B9-ABFC-4382-BB46-4130E54ED99D} = {D06C3A7A-7D2A-4710-AB4B-1EEA88C293CB}
		{F36D80EF-232F-4D5D-8490-2A03DC7A4C2F} = {D06C3A7A-7D2A-4710-AB4B-1EEA88C293CB}
	EndGlobalSection
	GlobalSection(ExtensibilityGlobals) = postSolution
		EnterpriseLibraryConfigurationToolBinariesPath = packages\Unity.2.1.505.2\lib\NET35
	EndGlobalSection
	GlobalSection(TestCaseManagementSettings) = postSolution
		CategoryFile = MessageBus.vsmdi
	EndGlobalSection
EndGlobal
